<?xml version="1.0" encoding="utf-8"?>
<Project ToolsVersion="4.0" xmlns="http://schemas.microsoft.com/developer/msbuild/2003">
  <ItemGroup>
    <Filter Include="Quellcodedateien">
      <UniqueIdentifier>{3f4d14a6-ae8f-42d0-89ea-222255071002}</UniqueIdentifier>
      <Extensions>cpp;c;cxx;rc;def;r;odl;hpj;bat;for;f90</Extensions>
    </Filter>
    <Filter Include="Header-Dateien">
      <UniqueIdentifier>{9f7f1f9b-fa07-4a00-868a-d8841a735f24}</UniqueIdentifier>
      <Extensions>h;hpp;hxx;hm;inl;fi;fd</Extensions>
    </Filter>
    <Filter Include="Ressourcendateien">
      <UniqueIdentifier>{9397ff7f-e386-47f7-b517-de7bfbbb5267}</UniqueIdentifier>
      <Extensions>ico;cur;bmp;dlg;rc2;rct;bin;cnt;rtf;gif;jpg;jpeg;jpe</Extensions>
    </Filter>
  </ItemGroup>
  <ItemGroup>
    <ClCompile Include="ActionObjects.cpp">
      <Filter>Quellcodedateien</Filter>
    </ClCompile>
    <ClCompile Include="Calculator.cpp">
      <Filter>Quellcodedateien</Filter>
    </ClCompile>
    <ClCompile Include="CamacTester.cpp">
      <Filter>Quellcodedateien</Filter>
    </ClCompile>
    <ClCompile Include="ChildFrm.cpp">
      <Filter>Quellcodedateien</Filter>
    </ClCompile>
    <ClCompile Include="ComputerDelay.cpp">
      <Filter>Quellcodedateien</Filter>
    </ClCompile>
    <ClCompile Include="Configure.cpp">
      <Filter>Quellcodedateien</Filter>
    </ClCompile>
    <ClCompile Include="DataChild.cpp">
      <Filter>Quellcodedateien</Filter>
    </ClCompile>
    <ClCompile Include="DataReadout.cpp">
      <Filter>Quellcodedateien</Filter>
    </ClCompile>
    <ClCompile Include="DataView.cpp">
      <Filter>Quellcodedateien</Filter>
    </ClCompile>
    <ClCompile Include="Display.cpp">
      <Filter>Quellcodedateien</Filter>
    </ClCompile>
    <ClCompile Include="EditorChild.cpp">
      <Filter>Quellcodedateien</Filter>
    </ClCompile>
    <ClCompile Include="EditorView.cpp">
      <Filter>Quellcodedateien</Filter>
    </ClCompile>
    <ClCompile Include="EVALUATE.CPP">
      <Filter>Quellcodedateien</Filter>
    </ClCompile>
    <ClCompile Include="FastTimer.cpp">
      <Filter>Quellcodedateien</Filter>
    </ClCompile>
    <ClCompile Include="FileIO.cpp">
      <Filter>Quellcodedateien</Filter>
    </ClCompile>
    <ClCompile Include="Hardware.cpp">
      <Filter>Quellcodedateien</Filter>
    </ClCompile>
    <ClCompile Include="HardwareDefaults.cpp">
      <Filter>Quellcodedateien</Filter>
    </ClCompile>
    <ClCompile Include="HfsFitDlg.cpp">
      <Filter>Quellcodedateien</Filter>
    </ClCompile>
    <ClCompile Include="LSIChild.cpp">
      <Filter>Quellcodedateien</Filter>
    </ClCompile>
    <ClCompile Include="LSIView.cpp">
      <Filter>Quellcodedateien</Filter>
    </ClCompile>
    <ClCompile Include="MainFrm.cpp">
      <Filter>Quellcodedateien</Filter>
    </ClCompile>
    <ClCompile Include="MCP for NT.cpp">
      <Filter>Quellcodedateien</Filter>
    </ClCompile>
    <ClCompile Include="MCP for NTDoc.cpp">
      <Filter>Quellcodedateien</Filter>
    </ClCompile>
    <ClCompile Include="MCP for NTView.cpp">
      <Filter>Quellcodedateien</Filter>
    </ClCompile>
    <ClCompile Include="MeasThread.cpp">
      <Filter>Quellcodedateien</Filter>
    </ClCompile>
    <ClCompile Include="minuit.cpp">
      <Filter>Quellcodedateien</Filter>
    </ClCompile>
    <ClCompile Include="MinuitChild.cpp">
      <Filter>Quellcodedateien</Filter>
    </ClCompile>
    <ClCompile Include="MinuitDlg.cpp">
      <Filter>Quellcodedateien</Filter>
    </ClCompile>
    <ClCompile Include="MonitorChild.cpp">
      <Filter>Quellcodedateien</Filter>
    </ClCompile>
    <ClCompile Include="MonitorView.cpp">
      <Filter>Quellcodedateien</Filter>
    </ClCompile>
    <ClCompile Include="NetReader.cpp">
      <Filter>Quellcodedateien</Filter>
    </ClCompile>
    <ClCompile Include="Page1am.cpp">
      <Filter>Quellcodedateien</Filter>
    </ClCompile>
    <ClCompile Include="Page1AS.cpp">
      <Filter>Quellcodedateien</Filter>
    </ClCompile>
    <ClCompile Include="Page1Bo.cpp">
      <Filter>Quellcodedateien</Filter>
    </ClCompile>
    <ClCompile Include="Page1fs.cpp">
      <Filter>Quellcodedateien</Filter>
    </ClCompile>
    <ClCompile Include="Page1FV.cpp">
      <Filter>Quellcodedateien</Filter>
    </ClCompile>
    <ClCompile Include="Page1HP.cpp">
      <Filter>Quellcodedateien</Filter>
    </ClCompile>
    <ClCompile Include="Page1HV.cpp">
      <Filter>Quellcodedateien</Filter>
    </ClCompile>
    <ClCompile Include="Page1MF.cpp">
      <Filter>Quellcodedateien</Filter>
    </ClCompile>
    <ClCompile Include="Page1MS.cpp">
      <Filter>Quellcodedateien</Filter>
    </ClCompile>
    <ClCompile Include="Page1PM.cpp">
      <Filter>Quellcodedateien</Filter>
    </ClCompile>
    <ClCompile Include="Page1PR.cpp">
      <Filter>Quellcodedateien</Filter>
    </ClCompile>
    <ClCompile Include="Page1RS.cpp">
      <Filter>Quellcodedateien</Filter>
    </ClCompile>
    <ClCompile Include="Page1TI.cpp">
      <Filter>Quellcodedateien</Filter>
    </ClCompile>
    <ClCompile Include="Page1TR.cpp">
      <Filter>Quellcodedateien</Filter>
    </ClCompile>
    <ClCompile Include="Page3am.cpp">
      <Filter>Quellcodedateien</Filter>
    </ClCompile>
    <ClCompile Include="Page3AS.cpp">
      <Filter>Quellcodedateien</Filter>
    </ClCompile>
    <ClCompile Include="Page3Bo.cpp">
      <Filter>Quellcodedateien</Filter>
    </ClCompile>
    <ClCompile Include="Page3fs.cpp">
      <Filter>Quellcodedateien</Filter>
    </ClCompile>
    <ClCompile Include="Page3FV.cpp">
      <Filter>Quellcodedateien</Filter>
    </ClCompile>
    <ClCompile Include="Page3HP.cpp">
      <Filter>Quellcodedateien</Filter>
    </ClCompile>
    <ClCompile Include="Page3HV.cpp">
      <Filter>Quellcodedateien</Filter>
    </ClCompile>
    <ClCompile Include="Page3MF.cpp">
      <Filter>Quellcodedateien</Filter>
    </ClCompile>
    <ClCompile Include="Page3MS.cpp">
      <Filter>Quellcodedateien</Filter>
    </ClCompile>
    <ClCompile Include="Page3PM.cpp">
      <Filter>Quellcodedateien</Filter>
    </ClCompile>
    <ClCompile Include="Page3PR.cpp">
      <Filter>Quellcodedateien</Filter>
    </ClCompile>
    <ClCompile Include="Page3RS.cpp">
      <Filter>Quellcodedateien</Filter>
    </ClCompile>
    <ClCompile Include="Page3TI.cpp">
      <Filter>Quellcodedateien</Filter>
    </ClCompile>
    <ClCompile Include="Page3TR.cpp">
      <Filter>Quellcodedateien</Filter>
    </ClCompile>
    <ClCompile Include="PropShtam.cpp">
      <Filter>Quellcodedateien</Filter>
    </ClCompile>
    <ClCompile Include="PropShtAS.cpp">
      <Filter>Quellcodedateien</Filter>
    </ClCompile>
    <ClCompile Include="PropShtBo.cpp">
      <Filter>Quellcodedateien</Filter>
    </ClCompile>
    <ClCompile Include="PropShtfs.cpp">
      <Filter>Quellcodedateien</Filter>
    </ClCompile>
    <ClCompile Include="PropShtFV.cpp">
      <Filter>Quellcodedateien</Filter>
    </ClCompile>
    <ClCompile Include="PropShtHP.cpp">
      <Filter>Quellcodedateien</Filter>
    </ClCompile>
    <ClCompile Include="PropShtHV.cpp">
      <Filter>Quellcodedateien</Filter>
    </ClCompile>
    <ClCompile Include="PropShtMF.cpp">
      <Filter>Quellcodedateien</Filter>
    </ClCompile>
    <ClCompile Include="PropShtMS.cpp">
      <Filter>Quellcodedateien</Filter>
    </ClCompile>
    <ClCompile Include="PropShtPM.cpp">
      <Filter>Quellcodedateien</Filter>
    </ClCompile>
    <ClCompile Include="PropShtPR.cpp">
      <Filter>Quellcodedateien</Filter>
    </ClCompile>
    <ClCompile Include="PropShtRS.cpp">
      <Filter>Quellcodedateien</Filter>
    </ClCompile>
    <ClCompile Include="PropShtTI.cpp">
      <Filter>Quellcodedateien</Filter>
    </ClCompile>
    <ClCompile Include="PropShtTR.cpp">
      <Filter>Quellcodedateien</Filter>
    </ClCompile>
    <ClCompile Include="Splash.cpp">
      <Filter>Quellcodedateien</Filter>
    </ClCompile>
    <ClCompile Include="StdAfx.cpp">
      <Filter>Quellcodedateien</Filter>
    </ClCompile>
    <ClCompile Include="StepTimer.cpp">
      <Filter>Quellcodedateien</Filter>
    </ClCompile>
    <ClCompile Include="TimerDelay.cpp">
      <Filter>Quellcodedateien</Filter>
    </ClCompile>
    <ClCompile Include="TriggerPartSweep.cpp">
      <Filter>Quellcodedateien</Filter>
    </ClCompile>
    <ClCompile Include="Page2FV.cpp">
      <Filter>Quellcodedateien</Filter>
    </ClCompile>
    <ClCompile Include="Page2HV.cpp">
      <Filter>Quellcodedateien</Filter>
    </ClCompile>
    <ClCompile Include="camac.cpp">
      <Filter>Quellcodedateien</Filter>
    </ClCompile>
    <ClCompile Include="PropShtGW.cpp">
      <Filter>Quellcodedateien</Filter>
    </ClCompile>
    <ClCompile Include="PropShtGR.cpp">
      <Filter>Quellcodedateien</Filter>
    </ClCompile>
    <ClCompile Include="PropShtFR.cpp">
      <Filter>Quellcodedateien</Filter>
    </ClCompile>
    <ClCompile Include="PropShtFW.cpp">
      <Filter>Quellcodedateien</Filter>
    </ClCompile>
    <ClCompile Include="PropShtKR.cpp">
      <Filter>Quellcodedateien</Filter>
    </ClCompile>
    <ClCompile Include="PropShtKW.cpp">
      <Filter>Quellcodedateien</Filter>
    </ClCompile>
    <ClCompile Include="PropShtLV.cpp">
      <Filter>Quellcodedateien</Filter>
    </ClCompile>
    <ClCompile Include="Page1FW.cpp">
      <Filter>Quellcodedateien</Filter>
    </ClCompile>
    <ClCompile Include="Page3FR.cpp">
      <Filter>Quellcodedateien</Filter>
    </ClCompile>
    <ClCompile Include="Page1GR.cpp">
      <Filter>Quellcodedateien</Filter>
    </ClCompile>
    <ClCompile Include="Page3FW.cpp">
      <Filter>Quellcodedateien</Filter>
    </ClCompile>
    <ClCompile Include="Page3GR.cpp">
      <Filter>Quellcodedateien</Filter>
    </ClCompile>
    <ClCompile Include="Page3GW.cpp">
      <Filter>Quellcodedateien</Filter>
    </ClCompile>
    <ClCompile Include="Page1GW.cpp">
      <Filter>Quellcodedateien</Filter>
    </ClCompile>
    <ClCompile Include="Page2HP.cpp">
      <Filter>Quellcodedateien</Filter>
    </ClCompile>
    <ClCompile Include="Page3KR.cpp">
      <Filter>Quellcodedateien</Filter>
    </ClCompile>
    <ClCompile Include="Page1KW.cpp">
      <Filter>Quellcodedateien</Filter>
    </ClCompile>
    <ClCompile Include="Page3KW.cpp">
      <Filter>Quellcodedateien</Filter>
    </ClCompile>
    <ClCompile Include="Page1LV.cpp">
      <Filter>Quellcodedateien</Filter>
    </ClCompile>
    <ClCompile Include="Page2LV.cpp">
      <Filter>Quellcodedateien</Filter>
    </ClCompile>
    <ClCompile Include="Page3LV.cpp">
      <Filter>Quellcodedateien</Filter>
    </ClCompile>
    <ClCompile Include="Page2RS.cpp">
      <Filter>Quellcodedateien</Filter>
    </ClCompile>
    <ClCompile Include="GpibReader.cpp">
      <Filter>Quellcodedateien</Filter>
    </ClCompile>
    <ClCompile Include="GpibWriter.cpp">
      <Filter>Quellcodedateien</Filter>
    </ClCompile>
    <ClCompile Include="NetworkWriter.cpp">
      <Filter>Quellcodedateien</Filter>
    </ClCompile>
    <ClCompile Include="SiclReader.cpp">
      <Filter>Quellcodedateien</Filter>
    </ClCompile>
    <ClCompile Include="SaveToolBar.cpp">
      <Filter>Quellcodedateien</Filter>
    </ClCompile>
    <ClCompile Include="PropShtSR.cpp">
      <Filter>Quellcodedateien</Filter>
    </ClCompile>
    <ClCompile Include="Page1SR.cpp">
      <Filter>Quellcodedateien</Filter>
    </ClCompile>
    <ClCompile Include="Page3SR.cpp">
      <Filter>Quellcodedateien</Filter>
    </ClCompile>
  </ItemGroup>
  <ItemGroup>
    <ResourceCompile Include="MCP for NT.rc">
      <Filter>Quellcodedateien</Filter>
    </ResourceCompile>
  </ItemGroup>
  <ItemGroup>
    <ClInclude Include="ActionObjects.h">
      <Filter>Header-Dateien</Filter>
    </ClInclude>
    <ClInclude Include="Calculator.h">
      <Filter>Header-Dateien</Filter>
    </ClInclude>
    <ClInclude Include="camac.h">
      <Filter>Header-Dateien</Filter>
    </ClInclude>
    <ClInclude Include="CamacTester.h">
      <Filter>Header-Dateien</Filter>
    </ClInclude>
    <ClInclude Include="ChildFrm.h">
      <Filter>Header-Dateien</Filter>
    </ClInclude>
    <ClInclude Include="ComputerDelay.h">
      <Filter>Header-Dateien</Filter>
    </ClInclude>
    <ClInclude Include="Configure.h">
      <Filter>Header-Dateien</Filter>
    </ClInclude>
    <ClInclude Include="DataChild.h">
      <Filter>Header-Dateien</Filter>
    </ClInclude>
    <ClInclude Include="DataReadout.h">
      <Filter>Header-Dateien</Filter>
    </ClInclude>
    <ClInclude Include="DataView.h">
      <Filter>Header-Dateien</Filter>
    </ClInclude>
    <ClInclude Include="display.h">
      <Filter>Header-Dateien</Filter>
    </ClInclude>
    <ClInclude Include="EditorChild.h">
      <Filter>Header-Dateien</Filter>
    </ClInclude>
    <ClInclude Include="EditorView.h">
      <Filter>Header-Dateien</Filter>
    </ClInclude>
    <ClInclude Include="eval.h">
      <Filter>Header-Dateien</Filter>
    </ClInclude>
    <ClInclude Include="evaluate.h">
      <Filter>Header-Dateien</Filter>
    </ClInclude>
    <ClInclude Include="FastTimer.h">
      <Filter>Header-Dateien</Filter>
    </ClInclude>
    <ClInclude Include="FileIO.h">
      <Filter>Header-Dateien</Filter>
    </ClInclude>
    <ClInclude Include="Hardware.h">
      <Filter>Header-Dateien</Filter>
    </ClInclude>
    <ClInclude Include="HardwareConfig.h">
      <Filter>Header-Dateien</Filter>
    </ClInclude>
    <ClInclude Include="HardwareDefaults.h">
      <Filter>Header-Dateien</Filter>
    </ClInclude>
    <ClInclude Include="HfsFitDlg.h">
      <Filter>Header-Dateien</Filter>
    </ClInclude>
    <ClInclude Include="LSIChild.h">
      <Filter>Header-Dateien</Filter>
    </ClInclude>
    <ClInclude Include="LSIView.h">
      <Filter>Header-Dateien</Filter>
    </ClInclude>
    <ClInclude Include="MainFrm.h">
      <Filter>Header-Dateien</Filter>
    </ClInclude>
    <ClInclude Include="MCP for NT.h">
      <Filter>Header-Dateien</Filter>
    </ClInclude>
    <ClInclude Include="MCP for NTDoc.h">
      <Filter>Header-Dateien</Filter>
    </ClInclude>
    <ClInclude Include="MCP for NTView.h">
      <Filter>Header-Dateien</Filter>
    </ClInclude>
    <ClInclude Include="measthread.h">
      <Filter>Header-Dateien</Filter>
    </ClInclude>
    <ClInclude Include="minuit.h">
      <Filter>Header-Dateien</Filter>
    </ClInclude>
    <ClInclude Include="MinuitChild.h">
      <Filter>Header-Dateien</Filter>
    </ClInclude>
    <ClInclude Include="minuitdlg.h">
      <Filter>Header-Dateien</Filter>
    </ClInclude>
    <ClInclude Include="MonitorChild.h">
      <Filter>Header-Dateien</Filter>
    </ClInclude>
    <ClInclude Include="MonitorView.h">
      <Filter>Header-Dateien</Filter>
    </ClInclude>
    <ClInclude Include="NetReader.h">
      <Filter>Header-Dateien</Filter>
    </ClInclude>
    <ClInclude Include="Page1am.h">
      <Filter>Header-Dateien</Filter>
    </ClInclude>
    <ClInclude Include="Page1AS.h">
      <Filter>Header-Dateien</Filter>
    </ClInclude>
    <ClInclude Include="Page1Bo.h">
      <Filter>Header-Dateien</Filter>
    </ClInclude>
    <ClInclude Include="Page1fs.h">
      <Filter>Header-Dateien</Filter>
    </ClInclude>
    <ClInclude Include="Page1FV.h">
      <Filter>Header-Dateien</Filter>
    </ClInclude>
    <ClInclude Include="Page1HP.h">
      <Filter>Header-Dateien</Filter>
    </ClInclude>
    <ClInclude Include="Page1HV.h">
      <Filter>Header-Dateien</Filter>
    </ClInclude>
    <ClInclude Include="Page1MF.h">
      <Filter>Header-Dateien</Filter>
    </ClInclude>
    <ClInclude Include="Page1MS.h">
      <Filter>Header-Dateien</Filter>
    </ClInclude>
    <ClInclude Include="Page1PM.h">
      <Filter>Header-Dateien</Filter>
    </ClInclude>
    <ClInclude Include="Page1PR.h">
      <Filter>Header-Dateien</Filter>
    </ClInclude>
    <ClInclude Include="Page1RS.h">
      <Filter>Header-Dateien</Filter>
    </ClInclude>
    <ClInclude Include="page1ti.h">
      <Filter>Header-Dateien</Filter>
    </ClInclude>
    <ClInclude Include="Page1TR.h">
      <Filter>Header-Dateien</Filter>
    </ClInclude>
    <ClInclude Include="Page3am.h">
      <Filter>Header-Dateien</Filter>
    </ClInclude>
    <ClInclude Include="Page3AS.h">
      <Filter>Header-Dateien</Filter>
    </ClInclude>
    <ClInclude Include="Page3Bo.h">
      <Filter>Header-Dateien</Filter>
    </ClInclude>
    <ClInclude Include="Page3fs.h">
      <Filter>Header-Dateien</Filter>
    </ClInclude>
    <ClInclude Include="Page3FV.h">
      <Filter>Header-Dateien</Filter>
    </ClInclude>
    <ClInclude Include="Page3HP.h">
      <Filter>Header-Dateien</Filter>
    </ClInclude>
    <ClInclude Include="Page3HV.h">
      <Filter>Header-Dateien</Filter>
    </ClInclude>
    <ClInclude Include="Page3MF.h">
      <Filter>Header-Dateien</Filter>
    </ClInclude>
    <ClInclude Include="Page3MS.h">
      <Filter>Header-Dateien</Filter>
    </ClInclude>
    <ClInclude Include="Page3PM.h">
      <Filter>Header-Dateien</Filter>
    </ClInclude>
    <ClInclude Include="Page3PR.h">
      <Filter>Header-Dateien</Filter>
    </ClInclude>
    <ClInclude Include="Page3RS.h">
      <Filter>Header-Dateien</Filter>
    </ClInclude>
    <ClInclude Include="Page3TI.h">
      <Filter>Header-Dateien</Filter>
    </ClInclude>
    <ClInclude Include="Page3TR.h">
      <Filter>Header-Dateien</Filter>
    </ClInclude>
    <ClInclude Include="PropShtam.h">
      <Filter>Header-Dateien</Filter>
    </ClInclude>
    <ClInclude Include="PropShtAS.h">
      <Filter>Header-Dateien</Filter>
    </ClInclude>
    <ClInclude Include="PropShtBo.h">
      <Filter>Header-Dateien</Filter>
    </ClInclude>
    <ClInclude Include="PropShtfs.h">
      <Filter>Header-Dateien</Filter>
    </ClInclude>
    <ClInclude Include="PropShtFV.h">
      <Filter>Header-Dateien</Filter>
    </ClInclude>
    <ClInclude Include="PropShtHP.h">
      <Filter>Header-Dateien</Filter>
    </ClInclude>
    <ClInclude Include="PropShtHV.h">
      <Filter>Header-Dateien</Filter>
    </ClInclude>
    <ClInclude Include="PropShtMF.h">
      <Filter>Header-Dateien</Filter>
    </ClInclude>
    <ClInclude Include="PropShtMS.h">
      <Filter>Header-Dateien</Filter>
    </ClInclude>
    <ClInclude Include="PropShtPM.h">
      <Filter>Header-Dateien</Filter>
    </ClInclude>
    <ClInclude Include="PropShtPR.h">
      <Filter>Header-Dateien</Filter>
    </ClInclude>
    <ClInclude Include="PropShtRS.h">
      <Filter>Header-Dateien</Filter>
    </ClInclude>
    <ClInclude Include="PropShtTI.h">
      <Filter>Header-Dateien</Filter>
    </ClInclude>
    <ClInclude Include="PropShtTR.h">
      <Filter>Header-Dateien</Filter>
    </ClInclude>
    <ClInclude Include="rpcapi32.h">
      <Filter>Header-Dateien</Filter>
    </ClInclude>
    <ClInclude Include="Splash.h">
      <Filter>Header-Dateien</Filter>
    </ClInclude>
    <ClInclude Include="StdAfx.h">
      <Filter>Header-Dateien</Filter>
    </ClInclude>
    <ClInclude Include="StepTimer.h">
      <Filter>Header-Dateien</Filter>
    </ClInclude>
    <ClInclude Include="TheDefines.h">
      <Filter>Header-Dateien</Filter>
    </ClInclude>
    <ClInclude Include="TimerDelay.h">
      <Filter>Header-Dateien</Filter>
    </ClInclude>
    <ClInclude Include="TriggerPartSweep.h">
      <Filter>Header-Dateien</Filter>
    </ClInclude>
    <ClInclude Include="Page2FV.h">
      <Filter>Quellcodedateien</Filter>
    </ClInclude>
    <ClInclude Include="Page2HV.h">
      <Filter>Quellcodedateien</Filter>
    </ClInclude>
    <ClInclude Include="PropShtGW.h">
      <Filter>Header-Dateien</Filter>
    </ClInclude>
    <ClInclude Include="PropShtGR.h">
      <Filter>Header-Dateien</Filter>
    </ClInclude>
    <ClInclude Include="PropShtFR.h">
      <Filter>Header-Dateien</Filter>
    </ClInclude>
    <ClInclude Include="PropShtFW.h">
      <Filter>Header-Dateien</Filter>
    </ClInclude>
    <ClInclude Include="PropShtKR.h">
      <Filter>Header-Dateien</Filter>
    </ClInclude>
    <ClInclude Include="PropShtKW.h">
      <Filter>Header-Dateien</Filter>
    </ClInclude>
    <ClInclude Include="PropShtLV.h">
      <Filter>Header-Dateien</Filter>
    </ClInclude>
    <ClInclude Include="Page1FW.h">
      <Filter>Header-Dateien</Filter>
    </ClInclude>
    <ClInclude Include="Page3FR.h">
      <Filter>Header-Dateien</Filter>
    </ClInclude>
    <ClInclude Include="Page1GR.h">
      <Filter>Header-Dateien</Filter>
    </ClInclude>
    <ClInclude Include="Page3FW.h">
      <Filter>Header-Dateien</Filter>
    </ClInclude>
    <ClInclude Include="Page3GR.h">
      <Filter>Header-Dateien</Filter>
    </ClInclude>
    <ClInclude Include="Page3GW.h">
      <Filter>Header-Dateien</Filter>
    </ClInclude>
    <ClInclude Include="Page1GW.h">
      <Filter>Header-Dateien</Filter>
    </ClInclude>
    <ClInclude Include="Page2HP.h">
      <Filter>Header-Dateien</Filter>
    </ClInclude>
    <ClInclude Include="Page3KR.h">
      <Filter>Header-Dateien</Filter>
    </ClInclude>
    <ClInclude Include="Page1KW.h">
      <Filter>Header-Dateien</Filter>
    </ClInclude>
    <ClInclude Include="Page3KW.h">
      <Filter>Header-Dateien</Filter>
    </ClInclude>
    <ClInclude Include="Page1LV.h">
      <Filter>Header-Dateien</Filter>
    </ClInclude>
    <ClInclude Include="Page2LV.h">
      <Filter>Header-Dateien</Filter>
    </ClInclude>
    <ClInclude Include="Page3LV.h">
      <Filter>Header-Dateien</Filter>
    </ClInclude>
    <ClInclude Include="Page2RS.h">
      <Filter>Header-Dateien</Filter>
    </ClInclude>
    <ClInclude Include="GpibReader.h">
      <Filter>Header-Dateien</Filter>
    </ClInclude>
    <ClInclude Include="GpibWriter.h">
      <Filter>Header-Dateien</Filter>
    </ClInclude>
    <ClInclude Include="NetworkWriter.h">
      <Filter>Header-Dateien</Filter>
    </ClInclude>
    <ClInclude Include="targetver.h">
      <Filter>Header-Dateien</Filter>
    </ClInclude>
    <ClInclude Include="resource.h">
      <Filter>Header-Dateien</Filter>
    </ClInclude>
    <ClInclude Include="SaveToolBar.h">
      <Filter>Header-Dateien</Filter>
    </ClInclude>
    <ClInclude Include="SiclReader.h">
      <Filter>Header-Dateien</Filter>
    </ClInclude>
    <ClInclude Include="PropShtSR.h">
      <Filter>Header-Dateien</Filter>
    </ClInclude>
    <ClInclude Include="Page1SR.h">
      <Filter>Header-Dateien</Filter>
    </ClInclude>
    <ClInclude Include="Page3SR.h">
      <Filter>Header-Dateien</Filter>
    </ClInclude>
  </ItemGroup>
  <ItemGroup>
    <CustomBuild Include="hlp\MCP for NT.hpj">
      <Filter>Quellcodedateien</Filter>
    </CustomBuild>
    <CustomBuild Include="res\135.ico">
      <Filter>Ressourcendateien</Filter>
    </CustomBuild>
    <CustomBuild Include="res\APPS INF.ICO">
      <Filter>Ressourcendateien</Filter>
    </CustomBuild>
    <CustomBuild Include="res\APPS STO.ICO">
      <Filter>Ressourcendateien</Filter>
    </CustomBuild>
    <CustomBuild Include="res\APPS WAR.ICO">
      <Filter>Ressourcendateien</Filter>
    </CustomBuild>
    <CustomBuild Include="res\coll.bmp">
      <Filter>Ressourcendateien</Filter>
    </CustomBuild>
    <CustomBuild Include="res\MCP for NT.ico">
      <Filter>Ressourcendateien</Filter>
    </CustomBuild>
    <CustomBuild Include="res\MCP for NT.rc2">
      <Filter>Ressourcendateien</Filter>
    </CustomBuild>
    <CustomBuild Include="res\MCP for NTDoc.ico">
      <Filter>Ressourcendateien</Filter>
    </CustomBuild>
    <CustomBuild Include="RES\origin.ico">
      <Filter>Ressourcendateien</Filter>
    </CustomBuild>
    <CustomBuild Include="RES\origin2.ico">
      <Filter>Ressourcendateien</Filter>
    </CustomBuild>
    <CustomBuild Include="res\PEAL BAC.ICO">
      <Filter>Ressourcendateien</Filter>
    </CustomBuild>
    <CustomBuild Include="Splsh16.bmp">
      <Filter>Ressourcendateien</Filter>
    </CustomBuild>
    <CustomBuild Include="res\Toolbar.bmp">
      <Filter>Ressourcendateien</Filter>
    </CustomBuild>
    <CustomBuild Include="res\toolbar1.bmp">
      <Filter>Ressourcendateien</Filter>
    </CustomBuild>
  </ItemGroup>
  <ItemGroup>
    <None Include="pillars.bmp">
      <Filter>Ressourcendateien</Filter>
    </None>
    <None Include="res\Galaxy3.ico">
      <Filter>Ressourcendateien</Filter>
    </None>
    <None Include="res\icon14.ico">
      <Filter>Ressourcendateien</Filter>
    </None>
    <None Include="res\ico00001.ico">
      <Filter>Ressourcendateien</Filter>
    </None>
    <None Include="res\icon15.ico">
      <Filter>Ressourcendateien</Filter>
    </None>
    <None Include="res\toolbar2.bmp">
      <Filter>Ressourcendateien</Filter>
    </None>
    <None Include="res\toolbar3.bmp">
      <Filter>Ressourcendateien</Filter>
    </None>
    <None Include="res\toolbar4.bmp">
      <Filter>Ressourcendateien</Filter>
    </None>
    <None Include="res\toolbar5.bmp">
      <Filter>Ressourcendateien</Filter>
    </None>
    <None Include="res\toolbar6.bmp">
      <Filter>Ressourcendateien</Filter>
    </None>
    <None Include="res\toolbar7.bmp">
      <Filter>Ressourcendateien</Filter>
    </None>
    <None Include="res\bmp00001.bmp">
      <Filter>Ressourcendateien</Filter>
    </None>
  </ItemGroup>
</Project>